// !$*UTF8*$!
{
	archiveVersion = 1;
	classes = {
	};
	objectVersion = 56;
	objects = {

/* Begin PBXBuildFile section */
		0F4689682A6C137E00E7985F /* AppDelegate.swift in Sources */ = {isa = PBXBuildFile; fileRef = 0F4689672A6C137E00E7985F /* AppDelegate.swift */; };
		0F46896A2A6C137E00E7985F /* SceneDelegate.swift in Sources */ = {isa = PBXBuildFile; fileRef = 0F4689692A6C137E00E7985F /* SceneDelegate.swift */; };
		0F46896F2A6C137E00E7985F /* Main.storyboard in Resources */ = {isa = PBXBuildFile; fileRef = 0F46896D2A6C137E00E7985F /* Main.storyboard */; };
		0F4689722A6C137E00E7985F /* UsersList.xcdatamodeld in Sources */ = {isa = PBXBuildFile; fileRef = 0F4689702A6C137E00E7985F /* UsersList.xcdatamodeld */; };
		0F4689742A6C138100E7985F /* Assets.xcassets in Resources */ = {isa = PBXBuildFile; fileRef = 0F4689732A6C138100E7985F /* Assets.xcassets */; };
		0F4689772A6C138100E7985F /* LaunchScreen.storyboard in Resources */ = {isa = PBXBuildFile; fileRef = 0F4689752A6C138100E7985F /* LaunchScreen.storyboard */; };
		0F4689822A6C138100E7985F /* UsersListTests.swift in Sources */ = {isa = PBXBuildFile; fileRef = 0F4689812A6C138100E7985F /* UsersListTests.swift */; };
		0F46898C2A6C138100E7985F /* UsersListUITests.swift in Sources */ = {isa = PBXBuildFile; fileRef = 0F46898B2A6C138100E7985F /* UsersListUITests.swift */; };
		0F46898E2A6C138100E7985F /* UsersListUITestsLaunchTests.swift in Sources */ = {isa = PBXBuildFile; fileRef = 0F46898D2A6C138100E7985F /* UsersListUITestsLaunchTests.swift */; };
		0F983C402A6C155A002605BB /* UsersListCoordinator.swift in Sources */ = {isa = PBXBuildFile; fileRef = 0F983C3F2A6C155A002605BB /* UsersListCoordinator.swift */; };
		0F983C442A6C1575002605BB /* UsersListViewModel.swift in Sources */ = {isa = PBXBuildFile; fileRef = 0F983C432A6C1575002605BB /* UsersListViewModel.swift */; };
		0F983C462A6C157E002605BB /* UserListService.swift in Sources */ = {isa = PBXBuildFile; fileRef = 0F983C452A6C157E002605BB /* UserListService.swift */; };
		0F983C482A6C1591002605BB /* UsersListViewController.swift in Sources */ = {isa = PBXBuildFile; fileRef = 0F983C472A6C1591002605BB /* UsersListViewController.swift */; };
		0F983C4A2A6C15A2002605BB /* UserListView.swift in Sources */ = {isa = PBXBuildFile; fileRef = 0F983C492A6C15A2002605BB /* UserListView.swift */; };
		0F983C4E2A6C15C9002605BB /* ErrorView.swift in Sources */ = {isa = PBXBuildFile; fileRef = 0F983C4D2A6C15C9002605BB /* ErrorView.swift */; };
		0F983C542A6C1680002605BB /* ViewModel.swift in Sources */ = {isa = PBXBuildFile; fileRef = 0F983C502A6C167F002605BB /* ViewModel.swift */; };
		0F983C552A6C1680002605BB /* Coordinator.swift in Sources */ = {isa = PBXBuildFile; fileRef = 0F983C512A6C167F002605BB /* Coordinator.swift */; };
		0F983C562A6C1680002605BB /* ViewCodeProtocol.swift in Sources */ = {isa = PBXBuildFile; fileRef = 0F983C522A6C167F002605BB /* ViewCodeProtocol.swift */; };
		0F983C572A6C1680002605BB /* Service.swift in Sources */ = {isa = PBXBuildFile; fileRef = 0F983C532A6C167F002605BB /* Service.swift */; };
		0F983C592A6C1989002605BB /* LoadingView.swift in Sources */ = {isa = PBXBuildFile; fileRef = 0F983C582A6C1989002605BB /* LoadingView.swift */; };
		0F983C5B2A6C1AD0002605BB /* Observable.swift in Sources */ = {isa = PBXBuildFile; fileRef = 0F983C5A2A6C1AD0002605BB /* Observable.swift */; };
		0F983C5D2A6C1FBF002605BB /* Strings.swift in Sources */ = {isa = PBXBuildFile; fileRef = 0F983C5C2A6C1FBF002605BB /* Strings.swift */; };
		0F983C5F2A6C22A5002605BB /* UsersListRequest.swift in Sources */ = {isa = PBXBuildFile; fileRef = 0F983C5E2A6C22A5002605BB /* UsersListRequest.swift */; };
		0F983C612A6C22B2002605BB /* UsersListResponse.swift in Sources */ = {isa = PBXBuildFile; fileRef = 0F983C602A6C22B2002605BB /* UsersListResponse.swift */; };
		0F983C632A6C28E0002605BB /* FirstButton.swift in Sources */ = {isa = PBXBuildFile; fileRef = 0F983C622A6C28E0002605BB /* FirstButton.swift */; };
		0FA913F02A6EA94700BD57E1 /* UsersCell.swift in Sources */ = {isa = PBXBuildFile; fileRef = 0FA913EF2A6EA94700BD57E1 /* UsersCell.swift */; };
		0FA913F32A6EAE7700BD57E1 /* UIImageView+Extension.swift in Sources */ = {isa = PBXBuildFile; fileRef = 0FA913F22A6EAE7700BD57E1 /* UIImageView+Extension.swift */; };
		0FA913F52A6EB00300BD57E1 /* MoreUsersCell.swift in Sources */ = {isa = PBXBuildFile; fileRef = 0FA913F42A6EB00300BD57E1 /* MoreUsersCell.swift */; };
		0FA913F72A6EB3A200BD57E1 /* UserDetailViewController.swift in Sources */ = {isa = PBXBuildFile; fileRef = 0FA913F62A6EB3A200BD57E1 /* UserDetailViewController.swift */; };
		0FA913FA2A6EB7C100BD57E1 /* UsersCache.swift in Sources */ = {isa = PBXBuildFile; fileRef = 0FA913F92A6EB7C100BD57E1 /* UsersCache.swift */; };
		0FA913FC2A6EBB7E00BD57E1 /* Reachability.swift in Sources */ = {isa = PBXBuildFile; fileRef = 0FA913FB2A6EBB7E00BD57E1 /* Reachability.swift */; };
		0FA914002A6EC13A00BD57E1 /* Defaults.swift in Sources */ = {isa = PBXBuildFile; fileRef = 0FA913FF2A6EC13A00BD57E1 /* Defaults.swift */; };
		0FA914022A6EC48700BD57E1 /* Date+extensions.swift in Sources */ = {isa = PBXBuildFile; fileRef = 0FA914012A6EC48700BD57E1 /* Date+extensions.swift */; };
		0FA914052A6ECDFF00BD57E1 /* JSONHandler.swift in Sources */ = {isa = PBXBuildFile; fileRef = 0FA914042A6ECDFF00BD57E1 /* JSONHandler.swift */; };
		0FA914072A6ECED900BD57E1 /* UsersListJson.json in Resources */ = {isa = PBXBuildFile; fileRef = 0FA914062A6ECED900BD57E1 /* UsersListJson.json */; };
		0FA9140A2A6ED71B00BD57E1 /* ErrorUsersListJson.json in Resources */ = {isa = PBXBuildFile; fileRef = 0FA914082A6ED71B00BD57E1 /* ErrorUsersListJson.json */; };
		0FA9140B2A6ED71B00BD57E1 /* EmpryUsersListJson.json in Resources */ = {isa = PBXBuildFile; fileRef = 0FA914092A6ED71B00BD57E1 /* EmpryUsersListJson.json */; };
		0FD4B4AB2A7C11B40081D680 /* ItemsListCoordinator.swift in Sources */ = {isa = PBXBuildFile; fileRef = 0FD4B4AA2A7C11B40081D680 /* ItemsListCoordinator.swift */; };
		0FD4B4AD2A7C11CE0081D680 /* ItemsListViewController.swift in Sources */ = {isa = PBXBuildFile; fileRef = 0FD4B4AC2A7C11CE0081D680 /* ItemsListViewController.swift */; };
		0FD4B4AF2A7C11DB0081D680 /* ItemsListViewModel.swift in Sources */ = {isa = PBXBuildFile; fileRef = 0FD4B4AE2A7C11DB0081D680 /* ItemsListViewModel.swift */; };
		0FD4B4B12A7C11E50081D680 /* ItemsListData.swift in Sources */ = {isa = PBXBuildFile; fileRef = 0FD4B4B02A7C11E50081D680 /* ItemsListData.swift */; };
		0FD4B4B32A7C12D60081D680 /* Item.swift in Sources */ = {isa = PBXBuildFile; fileRef = 0FD4B4B22A7C12D60081D680 /* Item.swift */; };
		0FD4B4B62A7C1D2B0081D680 /* ItensListView.swift in Sources */ = {isa = PBXBuildFile; fileRef = 0FD4B4B52A7C1D2B0081D680 /* ItensListView.swift */; };
		0FD4B4B82A7C1DF50081D680 /* ListItemCell.swift in Sources */ = {isa = PBXBuildFile; fileRef = 0FD4B4B72A7C1DF50081D680 /* ListItemCell.swift */; };
		0FD4B4BB2A7C25AF0081D680 /* UIView+extension.swift in Sources */ = {isa = PBXBuildFile; fileRef = 0FD4B4BA2A7C25AF0081D680 /* UIView+extension.swift */; };
		0FD4B4BD2A7C2A7A0081D680 /* CompletionItemCell.swift in Sources */ = {isa = PBXBuildFile; fileRef = 0FD4B4BC2A7C2A7A0081D680 /* CompletionItemCell.swift */; };
		0FD4B4BF2A7C2BF40081D680 /* UIColor+extension.swift in Sources */ = {isa = PBXBuildFile; fileRef = 0FD4B4BE2A7C2BF40081D680 /* UIColor+extension.swift */; };
		9B0BEE1B3B065C4A420B15C8 /* Pods_UsersList.framework in Frameworks */ = {isa = PBXBuildFile; fileRef = E96FF7AD5DD9683B83F88C51 /* Pods_UsersList.framework */; };
		DD03A1EC598A2ACC580F4925 /* Pods_UsersList_UsersListUITests.framework in Frameworks */ = {isa = PBXBuildFile; fileRef = FEFBA0EBE74B30AB6E506509 /* Pods_UsersList_UsersListUITests.framework */; };
		FF8BBCF1A30739C45565863D /* Pods_UsersListTests.framework in Frameworks */ = {isa = PBXBuildFile; fileRef = B82548ECD42CFFD7E2007559 /* Pods_UsersListTests.framework */; };
/* End PBXBuildFile section */

/* Begin PBXContainerItemProxy section */
		0F46897E2A6C138100E7985F /* PBXContainerItemProxy */ = {
			isa = PBXContainerItemProxy;
			containerPortal = 0F46895C2A6C137E00E7985F /* Project object */;
			proxyType = 1;
			remoteGlobalIDString = 0F4689632A6C137E00E7985F;
			remoteInfo = UsersList;
		};
		0F4689882A6C138100E7985F /* PBXContainerItemProxy */ = {
			isa = PBXContainerItemProxy;
			containerPortal = 0F46895C2A6C137E00E7985F /* Project object */;
			proxyType = 1;
			remoteGlobalIDString = 0F4689632A6C137E00E7985F;
			remoteInfo = UsersList;
		};
/* End PBXContainerItemProxy section */

/* Begin PBXFileReference section */
		074C488255A57524D3F3519B /* Pods-UsersList-UsersListUITests.debug.xcconfig */ = {isa = PBXFileReference; includeInIndex = 1; lastKnownFileType = text.xcconfig; name = "Pods-UsersList-UsersListUITests.debug.xcconfig"; path = "Target Support Files/Pods-UsersList-UsersListUITests/Pods-UsersList-UsersListUITests.debug.xcconfig"; sourceTree = "<group>"; };
		0F4689642A6C137E00E7985F /* UsersList.app */ = {isa = PBXFileReference; explicitFileType = wrapper.application; includeInIndex = 0; path = UsersList.app; sourceTree = BUILT_PRODUCTS_DIR; };
		0F4689672A6C137E00E7985F /* AppDelegate.swift */ = {isa = PBXFileReference; lastKnownFileType = sourcecode.swift; path = AppDelegate.swift; sourceTree = "<group>"; };
		0F4689692A6C137E00E7985F /* SceneDelegate.swift */ = {isa = PBXFileReference; lastKnownFileType = sourcecode.swift; path = SceneDelegate.swift; sourceTree = "<group>"; };
		0F46896E2A6C137E00E7985F /* Base */ = {isa = PBXFileReference; lastKnownFileType = file.storyboard; name = Base; path = Base.lproj/Main.storyboard; sourceTree = "<group>"; };
		0F4689712A6C137E00E7985F /* UsersList.xcdatamodel */ = {isa = PBXFileReference; lastKnownFileType = wrapper.xcdatamodel; path = UsersList.xcdatamodel; sourceTree = "<group>"; };
		0F4689732A6C138100E7985F /* Assets.xcassets */ = {isa = PBXFileReference; lastKnownFileType = folder.assetcatalog; path = Assets.xcassets; sourceTree = "<group>"; };
		0F4689762A6C138100E7985F /* Base */ = {isa = PBXFileReference; lastKnownFileType = file.storyboard; name = Base; path = Base.lproj/LaunchScreen.storyboard; sourceTree = "<group>"; };
		0F4689782A6C138100E7985F /* Info.plist */ = {isa = PBXFileReference; lastKnownFileType = text.plist.xml; path = Info.plist; sourceTree = "<group>"; };
		0F46897D2A6C138100E7985F /* UsersListTests.xctest */ = {isa = PBXFileReference; explicitFileType = wrapper.cfbundle; includeInIndex = 0; path = UsersListTests.xctest; sourceTree = BUILT_PRODUCTS_DIR; };
		0F4689812A6C138100E7985F /* UsersListTests.swift */ = {isa = PBXFileReference; lastKnownFileType = sourcecode.swift; path = UsersListTests.swift; sourceTree = "<group>"; };
		0F4689872A6C138100E7985F /* UsersListUITests.xctest */ = {isa = PBXFileReference; explicitFileType = wrapper.cfbundle; includeInIndex = 0; path = UsersListUITests.xctest; sourceTree = BUILT_PRODUCTS_DIR; };
		0F46898B2A6C138100E7985F /* UsersListUITests.swift */ = {isa = PBXFileReference; lastKnownFileType = sourcecode.swift; path = UsersListUITests.swift; sourceTree = "<group>"; };
		0F46898D2A6C138100E7985F /* UsersListUITestsLaunchTests.swift */ = {isa = PBXFileReference; lastKnownFileType = sourcecode.swift; path = UsersListUITestsLaunchTests.swift; sourceTree = "<group>"; };
		0F983C3F2A6C155A002605BB /* UsersListCoordinator.swift */ = {isa = PBXFileReference; lastKnownFileType = sourcecode.swift; path = UsersListCoordinator.swift; sourceTree = "<group>"; };
		0F983C432A6C1575002605BB /* UsersListViewModel.swift */ = {isa = PBXFileReference; lastKnownFileType = sourcecode.swift; path = UsersListViewModel.swift; sourceTree = "<group>"; };
		0F983C452A6C157E002605BB /* UserListService.swift */ = {isa = PBXFileReference; lastKnownFileType = sourcecode.swift; path = UserListService.swift; sourceTree = "<group>"; };
		0F983C472A6C1591002605BB /* UsersListViewController.swift */ = {isa = PBXFileReference; lastKnownFileType = sourcecode.swift; path = UsersListViewController.swift; sourceTree = "<group>"; };
		0F983C492A6C15A2002605BB /* UserListView.swift */ = {isa = PBXFileReference; lastKnownFileType = sourcecode.swift; path = UserListView.swift; sourceTree = "<group>"; };
		0F983C4D2A6C15C9002605BB /* ErrorView.swift */ = {isa = PBXFileReference; lastKnownFileType = sourcecode.swift; path = ErrorView.swift; sourceTree = "<group>"; };
		0F983C502A6C167F002605BB /* ViewModel.swift */ = {isa = PBXFileReference; fileEncoding = 4; lastKnownFileType = sourcecode.swift; path = ViewModel.swift; sourceTree = "<group>"; };
		0F983C512A6C167F002605BB /* Coordinator.swift */ = {isa = PBXFileReference; fileEncoding = 4; lastKnownFileType = sourcecode.swift; path = Coordinator.swift; sourceTree = "<group>"; };
		0F983C522A6C167F002605BB /* ViewCodeProtocol.swift */ = {isa = PBXFileReference; fileEncoding = 4; lastKnownFileType = sourcecode.swift; path = ViewCodeProtocol.swift; sourceTree = "<group>"; };
		0F983C532A6C167F002605BB /* Service.swift */ = {isa = PBXFileReference; fileEncoding = 4; lastKnownFileType = sourcecode.swift; path = Service.swift; sourceTree = "<group>"; };
		0F983C582A6C1989002605BB /* LoadingView.swift */ = {isa = PBXFileReference; lastKnownFileType = sourcecode.swift; path = LoadingView.swift; sourceTree = "<group>"; };
		0F983C5A2A6C1AD0002605BB /* Observable.swift */ = {isa = PBXFileReference; lastKnownFileType = sourcecode.swift; path = Observable.swift; sourceTree = "<group>"; };
		0F983C5C2A6C1FBF002605BB /* Strings.swift */ = {isa = PBXFileReference; lastKnownFileType = sourcecode.swift; path = Strings.swift; sourceTree = "<group>"; };
		0F983C5E2A6C22A5002605BB /* UsersListRequest.swift */ = {isa = PBXFileReference; lastKnownFileType = sourcecode.swift; path = UsersListRequest.swift; sourceTree = "<group>"; };
		0F983C602A6C22B2002605BB /* UsersListResponse.swift */ = {isa = PBXFileReference; lastKnownFileType = sourcecode.swift; path = UsersListResponse.swift; sourceTree = "<group>"; };
		0F983C622A6C28E0002605BB /* FirstButton.swift */ = {isa = PBXFileReference; lastKnownFileType = sourcecode.swift; path = FirstButton.swift; sourceTree = "<group>"; };
		0FA913EF2A6EA94700BD57E1 /* UsersCell.swift */ = {isa = PBXFileReference; lastKnownFileType = sourcecode.swift; path = UsersCell.swift; sourceTree = "<group>"; };
		0FA913F22A6EAE7700BD57E1 /* UIImageView+Extension.swift */ = {isa = PBXFileReference; lastKnownFileType = sourcecode.swift; path = "UIImageView+Extension.swift"; sourceTree = "<group>"; };
		0FA913F42A6EB00300BD57E1 /* MoreUsersCell.swift */ = {isa = PBXFileReference; lastKnownFileType = sourcecode.swift; path = MoreUsersCell.swift; sourceTree = "<group>"; };
		0FA913F62A6EB3A200BD57E1 /* UserDetailViewController.swift */ = {isa = PBXFileReference; lastKnownFileType = sourcecode.swift; path = UserDetailViewController.swift; sourceTree = "<group>"; };
		0FA913F92A6EB7C100BD57E1 /* UsersCache.swift */ = {isa = PBXFileReference; lastKnownFileType = sourcecode.swift; path = UsersCache.swift; sourceTree = "<group>"; };
		0FA913FB2A6EBB7E00BD57E1 /* Reachability.swift */ = {isa = PBXFileReference; lastKnownFileType = sourcecode.swift; path = Reachability.swift; sourceTree = "<group>"; };
		0FA913FF2A6EC13A00BD57E1 /* Defaults.swift */ = {isa = PBXFileReference; lastKnownFileType = sourcecode.swift; path = Defaults.swift; sourceTree = "<group>"; };
		0FA914012A6EC48700BD57E1 /* Date+extensions.swift */ = {isa = PBXFileReference; lastKnownFileType = sourcecode.swift; path = "Date+extensions.swift"; sourceTree = "<group>"; };
		0FA914042A6ECDFF00BD57E1 /* JSONHandler.swift */ = {isa = PBXFileReference; lastKnownFileType = sourcecode.swift; path = JSONHandler.swift; sourceTree = "<group>"; };
		0FA914062A6ECED900BD57E1 /* UsersListJson.json */ = {isa = PBXFileReference; lastKnownFileType = text.json; path = UsersListJson.json; sourceTree = "<group>"; };
		0FA914082A6ED71B00BD57E1 /* ErrorUsersListJson.json */ = {isa = PBXFileReference; fileEncoding = 4; lastKnownFileType = text.json; path = ErrorUsersListJson.json; sourceTree = "<group>"; };
		0FA914092A6ED71B00BD57E1 /* EmpryUsersListJson.json */ = {isa = PBXFileReference; fileEncoding = 4; lastKnownFileType = text.json; path = EmpryUsersListJson.json; sourceTree = "<group>"; };
		0FD4B4AA2A7C11B40081D680 /* ItemsListCoordinator.swift */ = {isa = PBXFileReference; lastKnownFileType = sourcecode.swift; path = ItemsListCoordinator.swift; sourceTree = "<group>"; };
		0FD4B4AC2A7C11CE0081D680 /* ItemsListViewController.swift */ = {isa = PBXFileReference; lastKnownFileType = sourcecode.swift; path = ItemsListViewController.swift; sourceTree = "<group>"; };
		0FD4B4AE2A7C11DB0081D680 /* ItemsListViewModel.swift */ = {isa = PBXFileReference; lastKnownFileType = sourcecode.swift; path = ItemsListViewModel.swift; sourceTree = "<group>"; };
		0FD4B4B02A7C11E50081D680 /* ItemsListData.swift */ = {isa = PBXFileReference; lastKnownFileType = sourcecode.swift; path = ItemsListData.swift; sourceTree = "<group>"; };
		0FD4B4B22A7C12D60081D680 /* Item.swift */ = {isa = PBXFileReference; lastKnownFileType = sourcecode.swift; path = Item.swift; sourceTree = "<group>"; };
		0FD4B4B52A7C1D2B0081D680 /* ItensListView.swift */ = {isa = PBXFileReference; lastKnownFileType = sourcecode.swift; path = ItensListView.swift; sourceTree = "<group>"; };
		0FD4B4B72A7C1DF50081D680 /* ListItemCell.swift */ = {isa = PBXFileReference; lastKnownFileType = sourcecode.swift; path = ListItemCell.swift; sourceTree = "<group>"; };
		0FD4B4BA2A7C25AF0081D680 /* UIView+extension.swift */ = {isa = PBXFileReference; lastKnownFileType = sourcecode.swift; path = "UIView+extension.swift"; sourceTree = "<group>"; };
		0FD4B4BC2A7C2A7A0081D680 /* CompletionItemCell.swift */ = {isa = PBXFileReference; lastKnownFileType = sourcecode.swift; path = CompletionItemCell.swift; sourceTree = "<group>"; };
		0FD4B4BE2A7C2BF40081D680 /* UIColor+extension.swift */ = {isa = PBXFileReference; lastKnownFileType = sourcecode.swift; path = "UIColor+extension.swift"; sourceTree = "<group>"; };
		14ECCFE8B09ED72619030717 /* Pods-UsersList.debug.xcconfig */ = {isa = PBXFileReference; includeInIndex = 1; lastKnownFileType = text.xcconfig; name = "Pods-UsersList.debug.xcconfig"; path = "Target Support Files/Pods-UsersList/Pods-UsersList.debug.xcconfig"; sourceTree = "<group>"; };
		876AF3292E6D531E96653920 /* Pods-UsersListTests.release.xcconfig */ = {isa = PBXFileReference; includeInIndex = 1; lastKnownFileType = text.xcconfig; name = "Pods-UsersListTests.release.xcconfig"; path = "Target Support Files/Pods-UsersListTests/Pods-UsersListTests.release.xcconfig"; sourceTree = "<group>"; };
		B82548ECD42CFFD7E2007559 /* Pods_UsersListTests.framework */ = {isa = PBXFileReference; explicitFileType = wrapper.framework; includeInIndex = 0; path = Pods_UsersListTests.framework; sourceTree = BUILT_PRODUCTS_DIR; };
		BFB4CFD6CBF42F8EB25C207D /* Pods-UsersList-UsersListUITests.release.xcconfig */ = {isa = PBXFileReference; includeInIndex = 1; lastKnownFileType = text.xcconfig; name = "Pods-UsersList-UsersListUITests.release.xcconfig"; path = "Target Support Files/Pods-UsersList-UsersListUITests/Pods-UsersList-UsersListUITests.release.xcconfig"; sourceTree = "<group>"; };
		C9A7DE88EE0BA20C2E58A054 /* Pods-UsersList.release.xcconfig */ = {isa = PBXFileReference; includeInIndex = 1; lastKnownFileType = text.xcconfig; name = "Pods-UsersList.release.xcconfig"; path = "Target Support Files/Pods-UsersList/Pods-UsersList.release.xcconfig"; sourceTree = "<group>"; };
		E96FF7AD5DD9683B83F88C51 /* Pods_UsersList.framework */ = {isa = PBXFileReference; explicitFileType = wrapper.framework; includeInIndex = 0; path = Pods_UsersList.framework; sourceTree = BUILT_PRODUCTS_DIR; };
		F9D4C69C791CA794AF6F31F7 /* Pods-UsersListTests.debug.xcconfig */ = {isa = PBXFileReference; includeInIndex = 1; lastKnownFileType = text.xcconfig; name = "Pods-UsersListTests.debug.xcconfig"; path = "Target Support Files/Pods-UsersListTests/Pods-UsersListTests.debug.xcconfig"; sourceTree = "<group>"; };
		FEFBA0EBE74B30AB6E506509 /* Pods_UsersList_UsersListUITests.framework */ = {isa = PBXFileReference; explicitFileType = wrapper.framework; includeInIndex = 0; path = Pods_UsersList_UsersListUITests.framework; sourceTree = BUILT_PRODUCTS_DIR; };
/* End PBXFileReference section */

/* Begin PBXFrameworksBuildPhase section */
		0F4689612A6C137E00E7985F /* Frameworks */ = {
			isa = PBXFrameworksBuildPhase;
			buildActionMask = 2147483647;
			files = (
				9B0BEE1B3B065C4A420B15C8 /* Pods_UsersList.framework in Frameworks */,
			);
			runOnlyForDeploymentPostprocessing = 0;
		};
		0F46897A2A6C138100E7985F /* Frameworks */ = {
			isa = PBXFrameworksBuildPhase;
			buildActionMask = 2147483647;
			files = (
				FF8BBCF1A30739C45565863D /* Pods_UsersListTests.framework in Frameworks */,
			);
			runOnlyForDeploymentPostprocessing = 0;
		};
		0F4689842A6C138100E7985F /* Frameworks */ = {
			isa = PBXFrameworksBuildPhase;
			buildActionMask = 2147483647;
			files = (
				DD03A1EC598A2ACC580F4925 /* Pods_UsersList_UsersListUITests.framework in Frameworks */,
			);
			runOnlyForDeploymentPostprocessing = 0;
		};
/* End PBXFrameworksBuildPhase section */

/* Begin PBXGroup section */
		0F46895B2A6C137E00E7985F = {
			isa = PBXGroup;
			children = (
				0F4689662A6C137E00E7985F /* UsersList */,
				0F4689802A6C138100E7985F /* UsersListTests */,
				0F46898A2A6C138100E7985F /* UsersListUITests */,
				0F4689652A6C137E00E7985F /* Products */,
				621D0D81ACCA08155A0ACAE9 /* Pods */,
				399F2BEE7294F4AE93D61155 /* Frameworks */,
			);
			sourceTree = "<group>";
		};
		0F4689652A6C137E00E7985F /* Products */ = {
			isa = PBXGroup;
			children = (
				0F4689642A6C137E00E7985F /* UsersList.app */,
				0F46897D2A6C138100E7985F /* UsersListTests.xctest */,
				0F4689872A6C138100E7985F /* UsersListUITests.xctest */,
			);
			name = Products;
			sourceTree = "<group>";
		};
		0F4689662A6C137E00E7985F /* UsersList */ = {
			isa = PBXGroup;
			children = (
				0F983C4F2A6C162E002605BB /* Common */,
				0FD4B4A62A7C11540081D680 /* ItemsList */,
				0F983C392A6C1453002605BB /* UserList */,
				0F4689672A6C137E00E7985F /* AppDelegate.swift */,
				0F4689692A6C137E00E7985F /* SceneDelegate.swift */,
				0F46896D2A6C137E00E7985F /* Main.storyboard */,
				0F4689732A6C138100E7985F /* Assets.xcassets */,
				0F4689752A6C138100E7985F /* LaunchScreen.storyboard */,
				0F4689782A6C138100E7985F /* Info.plist */,
				0F4689702A6C137E00E7985F /* UsersList.xcdatamodeld */,
			);
			path = UsersList;
			sourceTree = "<group>";
		};
		0F4689802A6C138100E7985F /* UsersListTests */ = {
			isa = PBXGroup;
			children = (
				0FA914032A6ECDE700BD57E1 /* Mock */,
				0F4689812A6C138100E7985F /* UsersListTests.swift */,
			);
			path = UsersListTests;
			sourceTree = "<group>";
		};
		0F46898A2A6C138100E7985F /* UsersListUITests */ = {
			isa = PBXGroup;
			children = (
				0F46898B2A6C138100E7985F /* UsersListUITests.swift */,
				0F46898D2A6C138100E7985F /* UsersListUITestsLaunchTests.swift */,
			);
			path = UsersListUITests;
			sourceTree = "<group>";
		};
		0F983C392A6C1453002605BB /* UserList */ = {
			isa = PBXGroup;
			children = (
				0FA913F82A6EB7A900BD57E1 /* CoreDataCache */,
				0F983C3D2A6C1525002605BB /* ViewModel */,
				0F983C3C2A6C1520002605BB /* Service */,
				0F983C3B2A6C1516002605BB /* ViewController */,
				0F983C3A2A6C1512002605BB /* View */,
				0F983C3F2A6C155A002605BB /* UsersListCoordinator.swift */,
			);
			path = UserList;
			sourceTree = "<group>";
		};
		0F983C3A2A6C1512002605BB /* View */ = {
			isa = PBXGroup;
			children = (
				0FA913EE2A6EA92B00BD57E1 /* Cell */,
				0F983C492A6C15A2002605BB /* UserListView.swift */,
				0F983C4D2A6C15C9002605BB /* ErrorView.swift */,
				0F983C582A6C1989002605BB /* LoadingView.swift */,
			);
			path = View;
			sourceTree = "<group>";
		};
		0F983C3B2A6C1516002605BB /* ViewController */ = {
			isa = PBXGroup;
			children = (
				0F983C472A6C1591002605BB /* UsersListViewController.swift */,
				0FA913F62A6EB3A200BD57E1 /* UserDetailViewController.swift */,
			);
			path = ViewController;
			sourceTree = "<group>";
		};
		0F983C3C2A6C1520002605BB /* Service */ = {
			isa = PBXGroup;
			children = (
				0F983C452A6C157E002605BB /* UserListService.swift */,
				0F983C5E2A6C22A5002605BB /* UsersListRequest.swift */,
				0F983C602A6C22B2002605BB /* UsersListResponse.swift */,
			);
			path = Service;
			sourceTree = "<group>";
		};
		0F983C3D2A6C1525002605BB /* ViewModel */ = {
			isa = PBXGroup;
			children = (
				0F983C432A6C1575002605BB /* UsersListViewModel.swift */,
			);
			path = ViewModel;
			sourceTree = "<group>";
		};
		0F983C4F2A6C162E002605BB /* Common */ = {
			isa = PBXGroup;
			children = (
				0FA913F12A6EAE6800BD57E1 /* Extension */,
				0F983C512A6C167F002605BB /* Coordinator.swift */,
				0F983C532A6C167F002605BB /* Service.swift */,
				0F983C522A6C167F002605BB /* ViewCodeProtocol.swift */,
				0F983C502A6C167F002605BB /* ViewModel.swift */,
				0F983C5A2A6C1AD0002605BB /* Observable.swift */,
				0F983C5C2A6C1FBF002605BB /* Strings.swift */,
				0F983C622A6C28E0002605BB /* FirstButton.swift */,
				0FA913FF2A6EC13A00BD57E1 /* Defaults.swift */,
			);
			path = Common;
			sourceTree = "<group>";
		};
		0FA913EE2A6EA92B00BD57E1 /* Cell */ = {
			isa = PBXGroup;
			children = (
				0FA913EF2A6EA94700BD57E1 /* UsersCell.swift */,
				0FA913F42A6EB00300BD57E1 /* MoreUsersCell.swift */,
			);
			path = Cell;
			sourceTree = "<group>";
		};
		0FA913F12A6EAE6800BD57E1 /* Extension */ = {
			isa = PBXGroup;
			children = (
				0FA913F22A6EAE7700BD57E1 /* UIImageView+Extension.swift */,
				0FA914012A6EC48700BD57E1 /* Date+extensions.swift */,
				0FD4B4BA2A7C25AF0081D680 /* UIView+extension.swift */,
				0FD4B4BE2A7C2BF40081D680 /* UIColor+extension.swift */,
			);
			path = Extension;
			sourceTree = "<group>";
		};
		0FA913F82A6EB7A900BD57E1 /* CoreDataCache */ = {
			isa = PBXGroup;
			children = (
				0FA913F92A6EB7C100BD57E1 /* UsersCache.swift */,
				0FA913FB2A6EBB7E00BD57E1 /* Reachability.swift */,
			);
			path = CoreDataCache;
			sourceTree = "<group>";
		};
		0FA914032A6ECDE700BD57E1 /* Mock */ = {
			isa = PBXGroup;
			children = (
				0FA914092A6ED71B00BD57E1 /* EmpryUsersListJson.json */,
				0FA914082A6ED71B00BD57E1 /* ErrorUsersListJson.json */,
				0FA914042A6ECDFF00BD57E1 /* JSONHandler.swift */,
				0FA914062A6ECED900BD57E1 /* UsersListJson.json */,
			);
			path = Mock;
			sourceTree = "<group>";
		};
		0FD4B4A62A7C11540081D680 /* ItemsList */ = {
			isa = PBXGroup;
			children = (
				0FD4B4B42A7C1D160081D680 /* ViewController */,
				0FD4B4A92A7C11940081D680 /* View */,
				0FD4B4A82A7C11880081D680 /* ViewModel */,
				0FD4B4A72A7C11800081D680 /* CoreData */,
				0FD4B4AA2A7C11B40081D680 /* ItemsListCoordinator.swift */,
			);
			path = ItemsList;
			sourceTree = "<group>";
		};
		0FD4B4A72A7C11800081D680 /* CoreData */ = {
			isa = PBXGroup;
			children = (
				0FD4B4B02A7C11E50081D680 /* ItemsListData.swift */,
				0FD4B4B22A7C12D60081D680 /* Item.swift */,
			);
			path = CoreData;
			sourceTree = "<group>";
		};
		0FD4B4A82A7C11880081D680 /* ViewModel */ = {
			isa = PBXGroup;
			children = (
				0FD4B4AE2A7C11DB0081D680 /* ItemsListViewModel.swift */,
			);
			path = ViewModel;
			sourceTree = "<group>";
		};
		0FD4B4A92A7C11940081D680 /* View */ = {
			isa = PBXGroup;
			children = (
				0FD4B4B92A7C1DFB0081D680 /* Cell */,
				0FD4B4B52A7C1D2B0081D680 /* ItensListView.swift */,
			);
			path = View;
			sourceTree = "<group>";
		};
		0FD4B4B42A7C1D160081D680 /* ViewController */ = {
			isa = PBXGroup;
			children = (
				0FD4B4AC2A7C11CE0081D680 /* ItemsListViewController.swift */,
			);
			path = ViewController;
			sourceTree = "<group>";
		};
		0FD4B4B92A7C1DFB0081D680 /* Cell */ = {
			isa = PBXGroup;
			children = (
				0FD4B4B72A7C1DF50081D680 /* ListItemCell.swift */,
				0FD4B4BC2A7C2A7A0081D680 /* CompletionItemCell.swift */,
			);
			path = Cell;
			sourceTree = "<group>";
		};
		399F2BEE7294F4AE93D61155 /* Frameworks */ = {
			isa = PBXGroup;
			children = (
				E96FF7AD5DD9683B83F88C51 /* Pods_UsersList.framework */,
				FEFBA0EBE74B30AB6E506509 /* Pods_UsersList_UsersListUITests.framework */,
				B82548ECD42CFFD7E2007559 /* Pods_UsersListTests.framework */,
			);
			name = Frameworks;
			sourceTree = "<group>";
		};
		621D0D81ACCA08155A0ACAE9 /* Pods */ = {
			isa = PBXGroup;
			children = (
				14ECCFE8B09ED72619030717 /* Pods-UsersList.debug.xcconfig */,
				C9A7DE88EE0BA20C2E58A054 /* Pods-UsersList.release.xcconfig */,
				074C488255A57524D3F3519B /* Pods-UsersList-UsersListUITests.debug.xcconfig */,
				BFB4CFD6CBF42F8EB25C207D /* Pods-UsersList-UsersListUITests.release.xcconfig */,
				F9D4C69C791CA794AF6F31F7 /* Pods-UsersListTests.debug.xcconfig */,
				876AF3292E6D531E96653920 /* Pods-UsersListTests.release.xcconfig */,
			);
			path = Pods;
			sourceTree = "<group>";
		};
/* End PBXGroup section */

/* Begin PBXNativeTarget section */
		0F4689632A6C137E00E7985F /* UsersList */ = {
			isa = PBXNativeTarget;
			buildConfigurationList = 0F4689912A6C138200E7985F /* Build configuration list for PBXNativeTarget "UsersList" */;
			buildPhases = (
				4B63B6B6EA52FAEBE94CAD2E /* [CP] Check Pods Manifest.lock */,
				0F4689602A6C137E00E7985F /* Sources */,
				0F4689612A6C137E00E7985F /* Frameworks */,
				0F4689622A6C137E00E7985F /* Resources */,
				D2F12197695C16B7EC7841FD /* [CP] Embed Pods Frameworks */,
			);
			buildRules = (
			);
			dependencies = (
			);
			name = UsersList;
			productName = UsersList;
			productReference = 0F4689642A6C137E00E7985F /* UsersList.app */;
			productType = "com.apple.product-type.application";
		};
		0F46897C2A6C138100E7985F /* UsersListTests */ = {
			isa = PBXNativeTarget;
			buildConfigurationList = 0F4689942A6C138200E7985F /* Build configuration list for PBXNativeTarget "UsersListTests" */;
			buildPhases = (
				7966226E670880B169202A25 /* [CP] Check Pods Manifest.lock */,
				0F4689792A6C138100E7985F /* Sources */,
				0F46897A2A6C138100E7985F /* Frameworks */,
				0F46897B2A6C138100E7985F /* Resources */,
			);
			buildRules = (
			);
			dependencies = (
				0F46897F2A6C138100E7985F /* PBXTargetDependency */,
			);
			name = UsersListTests;
			productName = UsersListTests;
			productReference = 0F46897D2A6C138100E7985F /* UsersListTests.xctest */;
			productType = "com.apple.product-type.bundle.unit-test";
		};
		0F4689862A6C138100E7985F /* UsersListUITests */ = {
			isa = PBXNativeTarget;
			buildConfigurationList = 0F4689972A6C138200E7985F /* Build configuration list for PBXNativeTarget "UsersListUITests" */;
			buildPhases = (
				71E11635C7B8394149157C49 /* [CP] Check Pods Manifest.lock */,
				0F4689832A6C138100E7985F /* Sources */,
				0F4689842A6C138100E7985F /* Frameworks */,
				0F4689852A6C138100E7985F /* Resources */,
				F8FDD3D5ED25DEE8F6FD0E9C /* [CP] Embed Pods Frameworks */,
			);
			buildRules = (
			);
			dependencies = (
				0F4689892A6C138100E7985F /* PBXTargetDependency */,
			);
			name = UsersListUITests;
			productName = UsersListUITests;
			productReference = 0F4689872A6C138100E7985F /* UsersListUITests.xctest */;
			productType = "com.apple.product-type.bundle.ui-testing";
		};
/* End PBXNativeTarget section */

/* Begin PBXProject section */
		0F46895C2A6C137E00E7985F /* Project object */ = {
			isa = PBXProject;
			attributes = {
				BuildIndependentTargetsInParallel = 1;
				LastSwiftUpdateCheck = 1430;
				LastUpgradeCheck = 1430;
				TargetAttributes = {
					0F4689632A6C137E00E7985F = {
						CreatedOnToolsVersion = 14.3.1;
					};
					0F46897C2A6C138100E7985F = {
						CreatedOnToolsVersion = 14.3.1;
						TestTargetID = 0F4689632A6C137E00E7985F;
					};
					0F4689862A6C138100E7985F = {
						CreatedOnToolsVersion = 14.3.1;
						TestTargetID = 0F4689632A6C137E00E7985F;
					};
				};
			};
			buildConfigurationList = 0F46895F2A6C137E00E7985F /* Build configuration list for PBXProject "UsersList" */;
			compatibilityVersion = "Xcode 14.0";
			developmentRegion = en;
			hasScannedForEncodings = 0;
			knownRegions = (
				en,
				Base,
			);
			mainGroup = 0F46895B2A6C137E00E7985F;
			productRefGroup = 0F4689652A6C137E00E7985F /* Products */;
			projectDirPath = "";
			projectRoot = "";
			targets = (
				0F4689632A6C137E00E7985F /* UsersList */,
				0F46897C2A6C138100E7985F /* UsersListTests */,
				0F4689862A6C138100E7985F /* UsersListUITests */,
			);
		};
/* End PBXProject section */

/* Begin PBXResourcesBuildPhase section */
		0F4689622A6C137E00E7985F /* Resources */ = {
			isa = PBXResourcesBuildPhase;
			buildActionMask = 2147483647;
			files = (
				0F4689772A6C138100E7985F /* LaunchScreen.storyboard in Resources */,
				0F4689742A6C138100E7985F /* Assets.xcassets in Resources */,
				0F46896F2A6C137E00E7985F /* Main.storyboard in Resources */,
			);
			runOnlyForDeploymentPostprocessing = 0;
		};
		0F46897B2A6C138100E7985F /* Resources */ = {
			isa = PBXResourcesBuildPhase;
			buildActionMask = 2147483647;
			files = (
				0FA914072A6ECED900BD57E1 /* UsersListJson.json in Resources */,
				0FA9140A2A6ED71B00BD57E1 /* ErrorUsersListJson.json in Resources */,
				0FA9140B2A6ED71B00BD57E1 /* EmpryUsersListJson.json in Resources */,
			);
			runOnlyForDeploymentPostprocessing = 0;
		};
		0F4689852A6C138100E7985F /* Resources */ = {
			isa = PBXResourcesBuildPhase;
			buildActionMask = 2147483647;
			files = (
			);
			runOnlyForDeploymentPostprocessing = 0;
		};
/* End PBXResourcesBuildPhase section */

/* Begin PBXShellScriptBuildPhase section */
		4B63B6B6EA52FAEBE94CAD2E /* [CP] Check Pods Manifest.lock */ = {
			isa = PBXShellScriptBuildPhase;
			buildActionMask = 2147483647;
			files = (
			);
			inputFileListPaths = (
			);
			inputPaths = (
				"${PODS_PODFILE_DIR_PATH}/Podfile.lock",
				"${PODS_ROOT}/Manifest.lock",
			);
			name = "[CP] Check Pods Manifest.lock";
			outputFileListPaths = (
			);
			outputPaths = (
				"$(DERIVED_FILE_DIR)/Pods-UsersList-checkManifestLockResult.txt",
			);
			runOnlyForDeploymentPostprocessing = 0;
			shellPath = /bin/sh;
			shellScript = "diff \"${PODS_PODFILE_DIR_PATH}/Podfile.lock\" \"${PODS_ROOT}/Manifest.lock\" > /dev/null\nif [ $? != 0 ] ; then\n    # print error to STDERR\n    echo \"error: The sandbox is not in sync with the Podfile.lock. Run 'pod install' or update your CocoaPods installation.\" >&2\n    exit 1\nfi\n# This output is used by Xcode 'outputs' to avoid re-running this script phase.\necho \"SUCCESS\" > \"${SCRIPT_OUTPUT_FILE_0}\"\n";
			showEnvVarsInLog = 0;
		};
		71E11635C7B8394149157C49 /* [CP] Check Pods Manifest.lock */ = {
			isa = PBXShellScriptBuildPhase;
			buildActionMask = 2147483647;
			files = (
			);
			inputFileListPaths = (
			);
			inputPaths = (
				"${PODS_PODFILE_DIR_PATH}/Podfile.lock",
				"${PODS_ROOT}/Manifest.lock",
			);
			name = "[CP] Check Pods Manifest.lock";
			outputFileListPaths = (
			);
			outputPaths = (
				"$(DERIVED_FILE_DIR)/Pods-UsersList-UsersListUITests-checkManifestLockResult.txt",
			);
			runOnlyForDeploymentPostprocessing = 0;
			shellPath = /bin/sh;
			shellScript = "diff \"${PODS_PODFILE_DIR_PATH}/Podfile.lock\" \"${PODS_ROOT}/Manifest.lock\" > /dev/null\nif [ $? != 0 ] ; then\n    # print error to STDERR\n    echo \"error: The sandbox is not in sync with the Podfile.lock. Run 'pod install' or update your CocoaPods installation.\" >&2\n    exit 1\nfi\n# This output is used by Xcode 'outputs' to avoid re-running this script phase.\necho \"SUCCESS\" > \"${SCRIPT_OUTPUT_FILE_0}\"\n";
			showEnvVarsInLog = 0;
		};
		7966226E670880B169202A25 /* [CP] Check Pods Manifest.lock */ = {
			isa = PBXShellScriptBuildPhase;
			buildActionMask = 2147483647;
			files = (
			);
			inputFileListPaths = (
			);
			inputPaths = (
				"${PODS_PODFILE_DIR_PATH}/Podfile.lock",
				"${PODS_ROOT}/Manifest.lock",
			);
			name = "[CP] Check Pods Manifest.lock";
			outputFileListPaths = (
			);
			outputPaths = (
				"$(DERIVED_FILE_DIR)/Pods-UsersListTests-checkManifestLockResult.txt",
			);
			runOnlyForDeploymentPostprocessing = 0;
			shellPath = /bin/sh;
			shellScript = "diff \"${PODS_PODFILE_DIR_PATH}/Podfile.lock\" \"${PODS_ROOT}/Manifest.lock\" > /dev/null\nif [ $? != 0 ] ; then\n    # print error to STDERR\n    echo \"error: The sandbox is not in sync with the Podfile.lock. Run 'pod install' or update your CocoaPods installation.\" >&2\n    exit 1\nfi\n# This output is used by Xcode 'outputs' to avoid re-running this script phase.\necho \"SUCCESS\" > \"${SCRIPT_OUTPUT_FILE_0}\"\n";
			showEnvVarsInLog = 0;
		};
		D2F12197695C16B7EC7841FD /* [CP] Embed Pods Frameworks */ = {
			isa = PBXShellScriptBuildPhase;
			buildActionMask = 2147483647;
			files = (
			);
			inputFileListPaths = (
				"${PODS_ROOT}/Target Support Files/Pods-UsersList/Pods-UsersList-frameworks-${CONFIGURATION}-input-files.xcfilelist",
			);
			name = "[CP] Embed Pods Frameworks";
			outputFileListPaths = (
				"${PODS_ROOT}/Target Support Files/Pods-UsersList/Pods-UsersList-frameworks-${CONFIGURATION}-output-files.xcfilelist",
			);
			runOnlyForDeploymentPostprocessing = 0;
			shellPath = /bin/sh;
			shellScript = "\"${PODS_ROOT}/Target Support Files/Pods-UsersList/Pods-UsersList-frameworks.sh\"\n";
			showEnvVarsInLog = 0;
		};
		F8FDD3D5ED25DEE8F6FD0E9C /* [CP] Embed Pods Frameworks */ = {
			isa = PBXShellScriptBuildPhase;
			buildActionMask = 2147483647;
			files = (
			);
			inputFileListPaths = (
				"${PODS_ROOT}/Target Support Files/Pods-UsersList-UsersListUITests/Pods-UsersList-UsersListUITests-frameworks-${CONFIGURATION}-input-files.xcfilelist",
			);
			name = "[CP] Embed Pods Frameworks";
			outputFileListPaths = (
				"${PODS_ROOT}/Target Support Files/Pods-UsersList-UsersListUITests/Pods-UsersList-UsersListUITests-frameworks-${CONFIGURATION}-output-files.xcfilelist",
			);
			runOnlyForDeploymentPostprocessing = 0;
			shellPath = /bin/sh;
			shellScript = "\"${PODS_ROOT}/Target Support Files/Pods-UsersList-UsersListUITests/Pods-UsersList-UsersListUITests-frameworks.sh\"\n";
			showEnvVarsInLog = 0;
		};
/* End PBXShellScriptBuildPhase section */

/* Begin PBXSourcesBuildPhase section */
		0F4689602A6C137E00E7985F /* Sources */ = {
			isa = PBXSourcesBuildPhase;
			buildActionMask = 2147483647;
			files = (
				0F983C632A6C28E0002605BB /* FirstButton.swift in Sources */,
				0FA914002A6EC13A00BD57E1 /* Defaults.swift in Sources */,
				0FA913FA2A6EB7C100BD57E1 /* UsersCache.swift in Sources */,
				0FD4B4B62A7C1D2B0081D680 /* ItensListView.swift in Sources */,
				0F983C5F2A6C22A5002605BB /* UsersListRequest.swift in Sources */,
				0F983C4A2A6C15A2002605BB /* UserListView.swift in Sources */,
				0F983C572A6C1680002605BB /* Service.swift in Sources */,
				0FA913F02A6EA94700BD57E1 /* UsersCell.swift in Sources */,
				0FD4B4BD2A7C2A7A0081D680 /* CompletionItemCell.swift in Sources */,
				0FD4B4AB2A7C11B40081D680 /* ItemsListCoordinator.swift in Sources */,
				0F983C552A6C1680002605BB /* Coordinator.swift in Sources */,
				0FD4B4BB2A7C25AF0081D680 /* UIView+extension.swift in Sources */,
				0F983C482A6C1591002605BB /* UsersListViewController.swift in Sources */,
				0F983C592A6C1989002605BB /* LoadingView.swift in Sources */,
				0FD4B4AD2A7C11CE0081D680 /* ItemsListViewController.swift in Sources */,
				0FA913F72A6EB3A200BD57E1 /* UserDetailViewController.swift in Sources */,
				0F983C442A6C1575002605BB /* UsersListViewModel.swift in Sources */,
				0FA913F32A6EAE7700BD57E1 /* UIImageView+Extension.swift in Sources */,
				0FD4B4B82A7C1DF50081D680 /* ListItemCell.swift in Sources */,
				0F4689722A6C137E00E7985F /* UsersList.xcdatamodeld in Sources */,
				0F4689682A6C137E00E7985F /* AppDelegate.swift in Sources */,
				0F983C5D2A6C1FBF002605BB /* Strings.swift in Sources */,
				0FA913F52A6EB00300BD57E1 /* MoreUsersCell.swift in Sources */,
				0F983C462A6C157E002605BB /* UserListService.swift in Sources */,
				0FD4B4B32A7C12D60081D680 /* Item.swift in Sources */,
				0FD4B4BF2A7C2BF40081D680 /* UIColor+extension.swift in Sources */,
				0F46896A2A6C137E00E7985F /* SceneDelegate.swift in Sources */,
				0F983C5B2A6C1AD0002605BB /* Observable.swift in Sources */,
				0F983C612A6C22B2002605BB /* UsersListResponse.swift in Sources */,
				0FA914022A6EC48700BD57E1 /* Date+extensions.swift in Sources */,
				0F983C402A6C155A002605BB /* UsersListCoordinator.swift in Sources */,
				0F983C562A6C1680002605BB /* ViewCodeProtocol.swift in Sources */,
				0F983C542A6C1680002605BB /* ViewModel.swift in Sources */,
				0FA913FC2A6EBB7E00BD57E1 /* Reachability.swift in Sources */,
				0F983C4E2A6C15C9002605BB /* ErrorView.swift in Sources */,
				0FD4B4AF2A7C11DB0081D680 /* ItemsListViewModel.swift in Sources */,
				0FD4B4B12A7C11E50081D680 /* ItemsListData.swift in Sources */,
			);
			runOnlyForDeploymentPostprocessing = 0;
		};
		0F4689792A6C138100E7985F /* Sources */ = {
			isa = PBXSourcesBuildPhase;
			buildActionMask = 2147483647;
			files = (
				0FA914052A6ECDFF00BD57E1 /* JSONHandler.swift in Sources */,
				0F4689822A6C138100E7985F /* UsersListTests.swift in Sources */,
			);
			runOnlyForDeploymentPostprocessing = 0;
		};
		0F4689832A6C138100E7985F /* Sources */ = {
			isa = PBXSourcesBuildPhase;
			buildActionMask = 2147483647;
			files = (
				0F46898C2A6C138100E7985F /* UsersListUITests.swift in Sources */,
				0F46898E2A6C138100E7985F /* UsersListUITestsLaunchTests.swift in Sources */,
			);
			runOnlyForDeploymentPostprocessing = 0;
		};
/* End PBXSourcesBuildPhase section */

/* Begin PBXTargetDependency section */
		0F46897F2A6C138100E7985F /* PBXTargetDependency */ = {
			isa = PBXTargetDependency;
			target = 0F4689632A6C137E00E7985F /* UsersList */;
			targetProxy = 0F46897E2A6C138100E7985F /* PBXContainerItemProxy */;
		};
		0F4689892A6C138100E7985F /* PBXTargetDependency */ = {
			isa = PBXTargetDependency;
			target = 0F4689632A6C137E00E7985F /* UsersList */;
			targetProxy = 0F4689882A6C138100E7985F /* PBXContainerItemProxy */;
		};
/* End PBXTargetDependency section */

/* Begin PBXVariantGroup section */
		0F46896D2A6C137E00E7985F /* Main.storyboard */ = {
			isa = PBXVariantGroup;
			children = (
				0F46896E2A6C137E00E7985F /* Base */,
			);
			name = Main.storyboard;
			sourceTree = "<group>";
		};
		0F4689752A6C138100E7985F /* LaunchScreen.storyboard */ = {
			isa = PBXVariantGroup;
			children = (
				0F4689762A6C138100E7985F /* Base */,
			);
			name = LaunchScreen.storyboard;
			sourceTree = "<group>";
		};
/* End PBXVariantGroup section */

/* Begin XCBuildConfiguration section */
		0F46898F2A6C138100E7985F /* Debug */ = {
			isa = XCBuildConfiguration;
			buildSettings = {
				ALWAYS_SEARCH_USER_PATHS = NO;
				CLANG_ANALYZER_NONNULL = YES;
				CLANG_ANALYZER_NUMBER_OBJECT_CONVERSION = YES_AGGRESSIVE;
				CLANG_CXX_LANGUAGE_STANDARD = "gnu++20";
				CLANG_ENABLE_MODULES = YES;
				CLANG_ENABLE_OBJC_ARC = YES;
				CLANG_ENABLE_OBJC_WEAK = YES;
				CLANG_WARN_BLOCK_CAPTURE_AUTORELEASING = YES;
				CLANG_WARN_BOOL_CONVERSION = YES;
				CLANG_WARN_COMMA = YES;
				CLANG_WARN_CONSTANT_CONVERSION = YES;
				CLANG_WARN_DEPRECATED_OBJC_IMPLEMENTATIONS = YES;
				CLANG_WARN_DIRECT_OBJC_ISA_USAGE = YES_ERROR;
				CLANG_WARN_DOCUMENTATION_COMMENTS = YES;
				CLANG_WARN_EMPTY_BODY = YES;
				CLANG_WARN_ENUM_CONVERSION = YES;
				CLANG_WARN_INFINITE_RECURSION = YES;
				CLANG_WARN_INT_CONVERSION = YES;
				CLANG_WARN_NON_LITERAL_NULL_CONVERSION = YES;
				CLANG_WARN_OBJC_IMPLICIT_RETAIN_SELF = YES;
				CLANG_WARN_OBJC_LITERAL_CONVERSION = YES;
				CLANG_WARN_OBJC_ROOT_CLASS = YES_ERROR;
				CLANG_WARN_QUOTED_INCLUDE_IN_FRAMEWORK_HEADER = YES;
				CLANG_WARN_RANGE_LOOP_ANALYSIS = YES;
				CLANG_WARN_STRICT_PROTOTYPES = YES;
				CLANG_WARN_SUSPICIOUS_MOVE = YES;
				CLANG_WARN_UNGUARDED_AVAILABILITY = YES_AGGRESSIVE;
				CLANG_WARN_UNREACHABLE_CODE = YES;
				CLANG_WARN__DUPLICATE_METHOD_MATCH = YES;
				COPY_PHASE_STRIP = NO;
				DEBUG_INFORMATION_FORMAT = dwarf;
				ENABLE_STRICT_OBJC_MSGSEND = YES;
				ENABLE_TESTABILITY = YES;
				GCC_C_LANGUAGE_STANDARD = gnu11;
				GCC_DYNAMIC_NO_PIC = NO;
				GCC_NO_COMMON_BLOCKS = YES;
				GCC_OPTIMIZATION_LEVEL = 0;
				GCC_PREPROCESSOR_DEFINITIONS = (
					"DEBUG=1",
					"$(inherited)",
				);
				GCC_WARN_64_TO_32_BIT_CONVERSION = YES;
				GCC_WARN_ABOUT_RETURN_TYPE = YES_ERROR;
				GCC_WARN_UNDECLARED_SELECTOR = YES;
				GCC_WARN_UNINITIALIZED_AUTOS = YES_AGGRESSIVE;
				GCC_WARN_UNUSED_FUNCTION = YES;
				GCC_WARN_UNUSED_VARIABLE = YES;
				IPHONEOS_DEPLOYMENT_TARGET = 16.4;
				MTL_ENABLE_DEBUG_INFO = INCLUDE_SOURCE;
				MTL_FAST_MATH = YES;
				ONLY_ACTIVE_ARCH = YES;
				SDKROOT = iphoneos;
				SWIFT_ACTIVE_COMPILATION_CONDITIONS = DEBUG;
				SWIFT_OPTIMIZATION_LEVEL = "-Onone";
			};
			name = Debug;
		};
		0F4689902A6C138100E7985F /* Release */ = {
			isa = XCBuildConfiguration;
			buildSettings = {
				ALWAYS_SEARCH_USER_PATHS = NO;
				CLANG_ANALYZER_NONNULL = YES;
				CLANG_ANALYZER_NUMBER_OBJECT_CONVERSION = YES_AGGRESSIVE;
				CLANG_CXX_LANGUAGE_STANDARD = "gnu++20";
				CLANG_ENABLE_MODULES = YES;
				CLANG_ENABLE_OBJC_ARC = YES;
				CLANG_ENABLE_OBJC_WEAK = YES;
				CLANG_WARN_BLOCK_CAPTURE_AUTORELEASING = YES;
				CLANG_WARN_BOOL_CONVERSION = YES;
				CLANG_WARN_COMMA = YES;
				CLANG_WARN_CONSTANT_CONVERSION = YES;
				CLANG_WARN_DEPRECATED_OBJC_IMPLEMENTATIONS = YES;
				CLANG_WARN_DIRECT_OBJC_ISA_USAGE = YES_ERROR;
				CLANG_WARN_DOCUMENTATION_COMMENTS = YES;
				CLANG_WARN_EMPTY_BODY = YES;
				CLANG_WARN_ENUM_CONVERSION = YES;
				CLANG_WARN_INFINITE_RECURSION = YES;
				CLANG_WARN_INT_CONVERSION = YES;
				CLANG_WARN_NON_LITERAL_NULL_CONVERSION = YES;
				CLANG_WARN_OBJC_IMPLICIT_RETAIN_SELF = YES;
				CLANG_WARN_OBJC_LITERAL_CONVERSION = YES;
				CLANG_WARN_OBJC_ROOT_CLASS = YES_ERROR;
				CLANG_WARN_QUOTED_INCLUDE_IN_FRAMEWORK_HEADER = YES;
				CLANG_WARN_RANGE_LOOP_ANALYSIS = YES;
				CLANG_WARN_STRICT_PROTOTYPES = YES;
				CLANG_WARN_SUSPICIOUS_MOVE = YES;
				CLANG_WARN_UNGUARDED_AVAILABILITY = YES_AGGRESSIVE;
				CLANG_WARN_UNREACHABLE_CODE = YES;
				CLANG_WARN__DUPLICATE_METHOD_MATCH = YES;
				COPY_PHASE_STRIP = NO;
				DEBUG_INFORMATION_FORMAT = "dwarf-with-dsym";
				ENABLE_NS_ASSERTIONS = NO;
				ENABLE_STRICT_OBJC_MSGSEND = YES;
				GCC_C_LANGUAGE_STANDARD = gnu11;
				GCC_NO_COMMON_BLOCKS = YES;
				GCC_WARN_64_TO_32_BIT_CONVERSION = YES;
				GCC_WARN_ABOUT_RETURN_TYPE = YES_ERROR;
				GCC_WARN_UNDECLARED_SELECTOR = YES;
				GCC_WARN_UNINITIALIZED_AUTOS = YES_AGGRESSIVE;
				GCC_WARN_UNUSED_FUNCTION = YES;
				GCC_WARN_UNUSED_VARIABLE = YES;
				IPHONEOS_DEPLOYMENT_TARGET = 16.4;
				MTL_ENABLE_DEBUG_INFO = NO;
				MTL_FAST_MATH = YES;
				SDKROOT = iphoneos;
				SWIFT_COMPILATION_MODE = wholemodule;
				SWIFT_OPTIMIZATION_LEVEL = "-O";
				VALIDATE_PRODUCT = YES;
			};
			name = Release;
		};
		0F4689922A6C138200E7985F /* Debug */ = {
			isa = XCBuildConfiguration;
			baseConfigurationReference = 14ECCFE8B09ED72619030717 /* Pods-UsersList.debug.xcconfig */;
			buildSettings = {
				ASSETCATALOG_COMPILER_APPICON_NAME = AppIcon;
				ASSETCATALOG_COMPILER_GLOBAL_ACCENT_COLOR_NAME = AccentColor;
				CODE_SIGN_STYLE = Automatic;
				CURRENT_PROJECT_VERSION = 1;
				DEVELOPMENT_TEAM = 3G9G4B4KL8;
				GENERATE_INFOPLIST_FILE = YES;
				INFOPLIST_FILE = UsersList/Info.plist;
				INFOPLIST_KEY_UIApplicationSupportsIndirectInputEvents = YES;
				INFOPLIST_KEY_UILaunchStoryboardName = LaunchScreen;
				INFOPLIST_KEY_UIMainStoryboardFile = Main;
				INFOPLIST_KEY_UISupportedInterfaceOrientations_iPad = "UIInterfaceOrientationPortrait UIInterfaceOrientationPortraitUpsideDown UIInterfaceOrientationLandscapeLeft UIInterfaceOrientationLandscapeRight";
				INFOPLIST_KEY_UISupportedInterfaceOrientations_iPhone = "UIInterfaceOrientationPortrait UIInterfaceOrientationLandscapeLeft UIInterfaceOrientationLandscapeRight";
				LD_RUNPATH_SEARCH_PATHS = (
					"$(inherited)",
					"@executable_path/Frameworks",
				);
				MARKETING_VERSION = 1.0;
				PRODUCT_BUNDLE_IDENTIFIER = bit2b.UsersList;
				PRODUCT_NAME = "$(TARGET_NAME)";
				SWIFT_EMIT_LOC_STRINGS = YES;
				SWIFT_VERSION = 5.0;
				TARGETED_DEVICE_FAMILY = "1,2";
			};
			name = Debug;
		};
		0F4689932A6C138200E7985F /* Release */ = {
			isa = XCBuildConfiguration;
			baseConfigurationReference = C9A7DE88EE0BA20C2E58A054 /* Pods-UsersList.release.xcconfig */;
			buildSettings = {
				ASSETCATALOG_COMPILER_APPICON_NAME = AppIcon;
				ASSETCATALOG_COMPILER_GLOBAL_ACCENT_COLOR_NAME = AccentColor;
				CODE_SIGN_STYLE = Automatic;
				CURRENT_PROJECT_VERSION = 1;
				DEVELOPMENT_TEAM = 3G9G4B4KL8;
				GENERATE_INFOPLIST_FILE = YES;
				INFOPLIST_FILE = UsersList/Info.plist;
				INFOPLIST_KEY_UIApplicationSupportsIndirectInputEvents = YES;
				INFOPLIST_KEY_UILaunchStoryboardName = LaunchScreen;
				INFOPLIST_KEY_UIMainStoryboardFile = Main;
				INFOPLIST_KEY_UISupportedInterfaceOrientations_iPad = "UIInterfaceOrientationPortrait UIInterfaceOrientationPortraitUpsideDown UIInterfaceOrientationLandscapeLeft UIInterfaceOrientationLandscapeRight";
				INFOPLIST_KEY_UISupportedInterfaceOrientations_iPhone = "UIInterfaceOrientationPortrait UIInterfaceOrientationLandscapeLeft UIInterfaceOrientationLandscapeRight";
				LD_RUNPATH_SEARCH_PATHS = (
					"$(inherited)",
					"@executable_path/Frameworks",
				);
				MARKETING_VERSION = 1.0;
				PRODUCT_BUNDLE_IDENTIFIER = bit2b.UsersList;
				PRODUCT_NAME = "$(TARGET_NAME)";
				SWIFT_EMIT_LOC_STRINGS = YES;
				SWIFT_VERSION = 5.0;
				TARGETED_DEVICE_FAMILY = "1,2";
			};
			name = Release;
		};
		0F4689952A6C138200E7985F /* Debug */ = {
			isa = XCBuildConfiguration;
			baseConfigurationReference = F9D4C69C791CA794AF6F31F7 /* Pods-UsersListTests.debug.xcconfig */;
			buildSettings = {
				ALWAYS_EMBED_SWIFT_STANDARD_LIBRARIES = YES;
				BUNDLE_LOADER = "$(TEST_HOST)";
				CODE_SIGN_STYLE = Automatic;
				CURRENT_PROJECT_VERSION = 1;
				DEVELOPMENT_TEAM = 3G9G4B4KL8;
				GENERATE_INFOPLIST_FILE = YES;
				IPHONEOS_DEPLOYMENT_TARGET = 16.4;
				MARKETING_VERSION = 1.0;
				PRODUCT_BUNDLE_IDENTIFIER = bit2b.UsersListTests;
				PRODUCT_NAME = "$(TARGET_NAME)";
				SWIFT_EMIT_LOC_STRINGS = NO;
				SWIFT_VERSION = 5.0;
				TARGETED_DEVICE_FAMILY = "1,2";
				TEST_HOST = "$(BUILT_PRODUCTS_DIR)/UsersList.app/$(BUNDLE_EXECUTABLE_FOLDER_PATH)/UsersList";
			};
			name = Debug;
		};
		0F4689962A6C138200E7985F /* Release */ = {
			isa = XCBuildConfiguration;
			baseConfigurationReference = 876AF3292E6D531E96653920 /* Pods-UsersListTests.release.xcconfig */;
			buildSettings = {
				ALWAYS_EMBED_SWIFT_STANDARD_LIBRARIES = YES;
				BUNDLE_LOADER = "$(TEST_HOST)";
				CODE_SIGN_STYLE = Automatic;
				CURRENT_PROJECT_VERSION = 1;
				DEVELOPMENT_TEAM = 3G9G4B4KL8;
				GENERATE_INFOPLIST_FILE = YES;
				IPHONEOS_DEPLOYMENT_TARGET = 16.4;
				MARKETING_VERSION = 1.0;
				PRODUCT_BUNDLE_IDENTIFIER = bit2b.UsersListTests;
				PRODUCT_NAME = "$(TARGET_NAME)";
				SWIFT_EMIT_LOC_STRINGS = NO;
				SWIFT_VERSION = 5.0;
				TARGETED_DEVICE_FAMILY = "1,2";
				TEST_HOST = "$(BUILT_PRODUCTS_DIR)/UsersList.app/$(BUNDLE_EXECUTABLE_FOLDER_PATH)/UsersList";
			};
			name = Release;
		};
		0F4689982A6C138200E7985F /* Debug */ = {
			isa = XCBuildConfiguration;
			baseConfigurationReference = 074C488255A57524D3F3519B /* Pods-UsersList-UsersListUITests.debug.xcconfig */;
			buildSettings = {
				ALWAYS_EMBED_SWIFT_STANDARD_LIBRARIES = YES;
				CODE_SIGN_STYLE = Automatic;
				CURRENT_PROJECT_VERSION = 1;
				DEVELOPMENT_TEAM = 3G9G4B4KL8;
				GENERATE_INFOPLIST_FILE = YES;
				MARKETING_VERSION = 1.0;
				PRODUCT_BUNDLE_IDENTIFIER = bit2b.UsersListUITests;
				PRODUCT_NAME = "$(TARGET_NAME)";
				SWIFT_EMIT_LOC_STRINGS = NO;
				SWIFT_VERSION = 5.0;
				TARGETED_DEVICE_FAMILY = "1,2";
				TEST_TARGET_NAME = UsersList;
			};
			name = Debug;
		};
		0F4689992A6C138200E7985F /* Release */ = {
			isa = XCBuildConfiguration;
			baseConfigurationReference = BFB4CFD6CBF42F8EB25C207D /* Pods-UsersList-UsersListUITests.release.xcconfig */;
			buildSettings = {
				ALWAYS_EMBED_SWIFT_STANDARD_LIBRARIES = YES;
				CODE_SIGN_STYLE = Automatic;
				CURRENT_PROJECT_VERSION = 1;
				DEVELOPMENT_TEAM = 3G9G4B4KL8;
				GENERATE_INFOPLIST_FILE = YES;
				MARKETING_VERSION = 1.0;
				PRODUCT_BUNDLE_IDENTIFIER = bit2b.UsersListUITests;
				PRODUCT_NAME = "$(TARGET_NAME)";
				SWIFT_EMIT_LOC_STRINGS = NO;
				SWIFT_VERSION = 5.0;
				TARGETED_DEVICE_FAMILY = "1,2";
				TEST_TARGET_NAME = UsersList;
			};
			name = Release;
		};
/* End XCBuildConfiguration section */

/* Begin XCConfigurationList section */
		0F46895F2A6C137E00E7985F /* Build configuration list for PBXProject "UsersList" */ = {
			isa = XCConfigurationList;
			buildConfigurations = (
				0F46898F2A6C138100E7985F /* Debug */,
				0F4689902A6C138100E7985F /* Release */,
			);
			defaultConfigurationIsVisible = 0;
			defaultConfigurationName = Release;
		};
		0F4689912A6C138200E7985F /* Build configuration list for PBXNativeTarget "UsersList" */ = {
			isa = XCConfigurationList;
			buildConfigurations = (
				0F4689922A6C138200E7985F /* Debug */,
				0F4689932A6C138200E7985F /* Release */,
			);
			defaultConfigurationIsVisible = 0;
			defaultConfigurationName = Release;
		};
		0F4689942A6C138200E7985F /* Build configuration list for PBXNativeTarget "UsersListTests" */ = {
			isa = XCConfigurationList;
			buildConfigurations = (
				0F4689952A6C138200E7985F /* Debug */,
				0F4689962A6C138200E7985F /* Release */,
			);
			defaultConfigurationIsVisible = 0;
			defaultConfigurationName = Release;
		};
		0F4689972A6C138200E7985F /* Build configuration list for PBXNativeTarget "UsersListUITests" */ = {
			isa = XCConfigurationList;
			buildConfigurations = (
				0F4689982A6C138200E7985F /* Debug */,
				0F4689992A6C138200E7985F /* Release */,
			);
			defaultConfigurationIsVisible = 0;
			defaultConfigurationName = Release;
		};
/* End XCConfigurationList section */

/* Begin XCVersionGroup section */
		0F4689702A6C137E00E7985F /* UsersList.xcdatamodeld */ = {
			isa = XCVersionGroup;
			children = (
				0F4689712A6C137E00E7985F /* UsersList.xcdatamodel */,
			);
			currentVersion = 0F4689712A6C137E00E7985F /* UsersList.xcdatamodel */;
			path = UsersList.xcdatamodeld;
			sourceTree = "<group>";
			versionGroupType = wrapper.xcdatamodel;
		};
/* End XCVersionGroup section */
	};
	rootObject = 0F46895C2A6C137E00E7985F /* Project object */;
}
